# This file was autogenerated by Stack.
# You should not edit this file by hand.
# For more information, please see the documentation at:
#   https://docs.haskellstack.org/en/stable/lock_files

packages:
- completed:
    size: 57709
    url: https://github.com/gnumonik/row-types/archive/04591ebc721a083f5fb4ab5ab68e4e06944a53ff.tar.gz
    name: row-types
    version: 1.0.1.2
    sha256: 3060444b72b2cbc87ae67428b1d5b0291a9491c47314b0ccfcddba2cec7cc60e
    pantry-tree:
      size: 2121
      sha256: 5503c95ca614297497bb42e926237243f2ca014caa8d0c0a8ebdff1cf125fdc1
  original:
    url: https://github.com/gnumonik/row-types/archive/04591ebc721a083f5fb4ab5ab68e4e06944a53ff.tar.gz
snapshots:
- completed:
    size: 623212
    url: https://raw.githubusercontent.com/commercialhaskell/stackage-snapshots/master/nightly/2021/12/30.yaml
    sha256: 0efdbc8a7beb1f1f70f60dcbd203593fdd394fc01be8c5fb5181b2578bd4e00d
  original: nightly-2021-12-30
